
Microsoft Visual Studio Solution File, Format Version 12.00
# Visual Studio Version 17
VisualStudioVersion = 17.14.36908.2
MinimumVisualStudioVersion = 10.0.40219.1
Project("{FAE04EC0-301F-11D3-BF4B-00C04F79EFBC}") = "SA2MsgTextEditor", "SA2MsgTextEditor\SA2MsgTextEditor.csproj", "{8DBE6F6A-27F4-44D6-BF04-3865E1C954DE}"
EndProject
Project("{FAE04EC0-301F-11D3-BF4B-00C04F79EFBC}") = "SA2EventTextEditor", "SA2EventTextEditor\SA2EventTextEditor.csproj", "{FE503CD1-ECD2-4ECF-9502-5843E4B5B1AD}"
EndProject
Global
	GlobalSection(SolutionConfigurationPlatforms) = preSolution
		Debug|Any CPU = Debug|Any CPU
		Release|Any CPU = Release|Any CPU
	EndGlobalSection
	GlobalSection(ProjectConfigurationPlatforms) = postSolution
		{8DBE6F6A-27F4-44D6-BF04-3865E1C954DE}.Debug|Any CPU.ActiveCfg = Debug|Any CPU
		{8DBE6F6A-27F4-44D6-BF04-3865E1C954DE}.Debug|Any CPU.Build.0 = Debug|Any CPU
		{8DBE6F6A-27F4-44D6-BF04-3865E1C954DE}.Release|Any CPU.ActiveCfg = Release|Any CPU
		{8DBE6F6A-27F4-44D6-BF04-3865E1C954DE}.Release|Any CPU.Build.0 = Release|Any CPU
		{FE503CD1-ECD2-4ECF-9502-5843E4B5B1AD}.Debug|Any CPU.ActiveCfg = Debug|Any CPU
		{FE503CD1-ECD2-4ECF-9502-5843E4B5B1AD}.Debug|Any CPU.Build.0 = Debug|Any CPU
		{FE503CD1-ECD2-4ECF-9502-5843E4B5B1AD}.Release|Any CPU.ActiveCfg = Release|Any CPU
		{FE503CD1-ECD2-4ECF-9502-5843E4B5B1AD}.Release|Any CPU.Build.0 = Release|Any CPU
	EndGlobalSection
	GlobalSection(SolutionProperties) = preSolution
		HideSolutionNode = FALSE
	EndGlobalSection
	GlobalSection(ExtensibilityGlobals) = postSolution
		SolutionGuid = {E115637F-9D2A-4FE5-9BAA-81B8EDF3C145}
	EndGlobalSection
EndGlobal
